
Microsoft Visual Studio Solution File, Format Version 12.00
# Visual Studio 2013
VisualStudioVersion = 12.0.40629.0
MinimumVisualStudioVersion = 10.0.40219.1
Project("{FAE04EC0-301F-11D3-BF4B-00C04F79EFBC}") = "ExportAllSlides", "ExportAllSlides\ExportAllSlides.csproj", "{5B8DF69D-9471-4133-BFF6-19163D227F79}"
EndProject
Project("{F184B08F-C81C-45F6-A57F-5ABD9991F28F}") = "VBExportAllSlides", "VBExportAllSlides\VBExportAllSlides.vbproj", "{E8353D05-832E-4781-9B0D-0058853DD14E}"
EndProject
Project("{FAE04EC0-301F-11D3-BF4B-00C04F79EFBC}") = "HelloWorld", "HelloWorld\HelloWorld.csproj", "{4E3AE305-B7AD-4789-8E9D-F1E8102DC342}"
EndProject
Project("{F184B08F-C81C-45F6-A57F-5ABD9991F28F}") = "VBHelloWorld", "VBHelloWorld\VBHelloWorld.vbproj", "{8651FF73-8971-498D-8F92-507FDE945B65}"
EndProject
Project("{FAE04EC0-301F-11D3-BF4B-00C04F79EFBC}") = "InsertPicture", "InsertPicture\InsertPicture.csproj", "{9DD4C4C6-3456-4480-B144-2DB52360FFDC}"
EndProject
Project("{F184B08F-C81C-45F6-A57F-5ABD9991F28F}") = "VBInsertPicture", "VBInsertPicture\VBInsertPicture.vbproj", "{B8D50E03-29BF-4535-82E2-15276534A36D}"
EndProject
Project("{FAE04EC0-301F-11D3-BF4B-00C04F79EFBC}") = "CopySlide", "CopySlide\CopySlide.csproj", "{2EDFE89C-F95E-4968-A0BA-3149C8E01B11}"
EndProject
Project("{F184B08F-C81C-45F6-A57F-5ABD9991F28F}") = "VBCopySlide", "VBCopySlide\VBCopySlide.vbproj", "{7CF698B6-41F6-4A0E-AEA7-94D603623774}"
EndProject
Project("{FAE04EC0-301F-11D3-BF4B-00C04F79EFBC}") = "InsertTable", "InsertTable\InsertTable.csproj", "{2E5A6B60-BA38-4C32-B309-D8D02E8D334B}"
EndProject
Project("{F184B08F-C81C-45F6-A57F-5ABD9991F28F}") = "VBInsertTable", "VBInsertTable\VBInsertTable.vbproj", "{82146D78-D830-4D41-BD4A-83BB74F19128}"
EndProject
Project("{FAE04EC0-301F-11D3-BF4B-00C04F79EFBC}") = "InsertAudioFile", "InsertAudioFile\InsertAudioFile.csproj", "{57BB5B6E-B4FB-4133-AE80-85C43C99640C}"
EndProject
Project("{F184B08F-C81C-45F6-A57F-5ABD9991F28F}") = "VBInsertAudioFile", "VBInsertAudioFile\VBInsertAudioFile.vbproj", "{DEE17DBA-4096-4374-AC30-D7F942A9E018}"
EndProject
Project("{FAE04EC0-301F-11D3-BF4B-00C04F79EFBC}") = "SuperscriptText", "SuperscriptText\SuperscriptText.csproj", "{94B09BD4-39F4-45D2-ABB6-8DC47FD7F362}"
EndProject
Project("{F184B08F-C81C-45F6-A57F-5ABD9991F28F}") = "VBSuperscriptText", "VBSuperscriptText\VBSuperscriptText.vbproj", "{53526F2A-D37D-427A-875C-F59790C06F45}"
EndProject
Project("{FAE04EC0-301F-11D3-BF4B-00C04F79EFBC}") = "TextBox", "TextBox\TextBox.csproj", "{674D783A-09DB-44A5-BC8A-8EDC60E58AC7}"
EndProject
Project("{F184B08F-C81C-45F6-A57F-5ABD9991F28F}") = "VBTextBox", "VBTextBox\VBTextBox.vbproj", "{F4891EEC-EB0D-463B-AEB8-1387ADDC029D}"
EndProject
Project("{FAE04EC0-301F-11D3-BF4B-00C04F79EFBC}") = "SlideNumber", "SlideNumber\SlideNumber.csproj", "{8377B0AF-6524-4691-A0BC-269B0E61E8D3}"
EndProject
Project("{F184B08F-C81C-45F6-A57F-5ABD9991F28F}") = "VBSlideNumber", "VBSlideNumber\VBSlideNumber.vbproj", "{0D0F73DB-2141-4C3A-9C20-8D7F6CB56138}"
EndProject
Project("{FAE04EC0-301F-11D3-BF4B-00C04F79EFBC}") = "ConnectorLine", "ConnectorLine\ConnectorLine.csproj", "{87030FB1-274C-4B48-85B8-19330FD3A4E4}"
EndProject
Project("{F184B08F-C81C-45F6-A57F-5ABD9991F28F}") = "VBConnectorLine", "VBConnectorLine\VBConnectorLine.vbproj", "{869DD1DE-0E51-4034-8A11-8FF2B0AC73D3}"
EndProject
Project("{FAE04EC0-301F-11D3-BF4B-00C04F79EFBC}") = "BackgroundImage", "BackgroundImage\BackgroundImage.csproj", "{A36F5352-FCAD-4170-80ED-A51375D7C398}"
EndProject
Project("{F184B08F-C81C-45F6-A57F-5ABD9991F28F}") = "VBBackgroundImage", "VBBackgroundImage\VBBackgroundImage.vbproj", "{F73B5765-9E12-45FD-9C03-9ABF7702032D}"
EndProject
Project("{FAE04EC0-301F-11D3-BF4B-00C04F79EFBC}") = "TwoRectangles", "TwoRectangles\TwoRectangles.csproj", "{29767B29-33D3-4992-A6EF-DF5241CCB417}"
EndProject
Project("{F184B08F-C81C-45F6-A57F-5ABD9991F28F}") = "VBTwoRectangles", "VBTwoRectangles\VBTwoRectangles.vbproj", "{94B4FAF1-E21D-412F-84DB-7FFCEA5EDF3F}"
EndProject
Project("{FAE04EC0-301F-11D3-BF4B-00C04F79EFBC}") = "DislaySlideNotesText", "DislaySlideNotesText\DislaySlideNotesText.csproj", "{ADE6215B-01CB-4E2D-B285-E344930CB743}"
EndProject
Project("{F184B08F-C81C-45F6-A57F-5ABD9991F28F}") = "VBDisplaySlideNotesText", "VBDisplaySlideNotesText\VBDisplaySlideNotesText.vbproj", "{B10DDA4C-430B-42F4-9074-D34E2667A1DC}"
EndProject
Project("{FAE04EC0-301F-11D3-BF4B-00C04F79EFBC}") = "BulletNumbering", "BulletNumbering\BulletNumbering.csproj", "{478E9620-F52C-45F1-AA81-D214ACE6F5CD}"
EndProject
Project("{F184B08F-C81C-45F6-A57F-5ABD9991F28F}") = "VBBulletNumbering", "VBBulletNumbering\VBBulletNumbering.vbproj", "{80A67617-C173-4563-893B-E0ABD0C6444B}"
EndProject
Project("{FAE04EC0-301F-11D3-BF4B-00C04F79EFBC}") = "DrawLine", "DrawLine\DrawLine.csproj", "{A6A0A405-9144-4E7F-9C4C-14C2D55CDFB3}"
EndProject
Project("{F184B08F-C81C-45F6-A57F-5ABD9991F28F}") = "VBDrawLine", "VBDrawLine\VBDrawLine.vbproj", "{ADB0152A-4D71-4797-B1EE-408F1C0D2975}"
EndProject
Project("{FAE04EC0-301F-11D3-BF4B-00C04F79EFBC}") = "Footer", "Footer\Footer.csproj", "{0D167D24-7CA5-4EE1-90A8-6D423D421BF4}"
EndProject
Project("{F184B08F-C81C-45F6-A57F-5ABD9991F28F}") = "VBFooter", "VBFooter\VBFooter.vbproj", "{1BC82AE9-B1EA-441A-9805-2F11D2B73DAE}"
EndProject
Project("{FAE04EC0-301F-11D3-BF4B-00C04F79EFBC}") = "ImageShadow", "ImageShadow\ImageShadow.csproj", "{EF888A5B-5D56-44D8-9375-9A45A3E128CA}"
EndProject
Project("{F184B08F-C81C-45F6-A57F-5ABD9991F28F}") = "VBImageShadow", "VBImageShadow\VBImageShadow.vbproj", "{859F7C55-E59C-4ADA-95E6-7E141662352F}"
EndProject
Project("{FAE04EC0-301F-11D3-BF4B-00C04F79EFBC}") = "BarChart", "BarChart\BarChart.csproj", "{8289ABD7-EA9F-485A-9A01-3F7C7D39C0D4}"
EndProject
Project("{F184B08F-C81C-45F6-A57F-5ABD9991F28F}") = "VBBarChart", "VBBarChart\VBBarChart.vbproj", "{7D77CCCB-C8E6-49F8-85F5-7936FC9A64F6}"
EndProject
Global
	GlobalSection(SolutionConfigurationPlatforms) = preSolution
		Debug|Any CPU = Debug|Any CPU
		Release|Any CPU = Release|Any CPU
	EndGlobalSection
	GlobalSection(ProjectConfigurationPlatforms) = postSolution
		{5B8DF69D-9471-4133-BFF6-19163D227F79}.Debug|Any CPU.ActiveCfg = Debug|Any CPU
		{5B8DF69D-9471-4133-BFF6-19163D227F79}.Debug|Any CPU.Build.0 = Debug|Any CPU
		{5B8DF69D-9471-4133-BFF6-19163D227F79}.Release|Any CPU.ActiveCfg = Release|Any CPU
		{5B8DF69D-9471-4133-BFF6-19163D227F79}.Release|Any CPU.Build.0 = Release|Any CPU
		{E8353D05-832E-4781-9B0D-0058853DD14E}.Debug|Any CPU.ActiveCfg = Debug|Any CPU
		{E8353D05-832E-4781-9B0D-0058853DD14E}.Debug|Any CPU.Build.0 = Debug|Any CPU
		{E8353D05-832E-4781-9B0D-0058853DD14E}.Release|Any CPU.ActiveCfg = Release|Any CPU
		{E8353D05-832E-4781-9B0D-0058853DD14E}.Release|Any CPU.Build.0 = Release|Any CPU
		{4E3AE305-B7AD-4789-8E9D-F1E8102DC342}.Debug|Any CPU.ActiveCfg = Debug|Any CPU
		{4E3AE305-B7AD-4789-8E9D-F1E8102DC342}.Debug|Any CPU.Build.0 = Debug|Any CPU
		{4E3AE305-B7AD-4789-8E9D-F1E8102DC342}.Release|Any CPU.ActiveCfg = Release|Any CPU
		{4E3AE305-B7AD-4789-8E9D-F1E8102DC342}.Release|Any CPU.Build.0 = Release|Any CPU
		{8651FF73-8971-498D-8F92-507FDE945B65}.Debug|Any CPU.ActiveCfg = Debug|Any CPU
		{8651FF73-8971-498D-8F92-507FDE945B65}.Debug|Any CPU.Build.0 = Debug|Any CPU
		{8651FF73-8971-498D-8F92-507FDE945B65}.Release|Any CPU.ActiveCfg = Release|Any CPU
		{8651FF73-8971-498D-8F92-507FDE945B65}.Release|Any CPU.Build.0 = Release|Any CPU
		{9DD4C4C6-3456-4480-B144-2DB52360FFDC}.Debug|Any CPU.ActiveCfg = Debug|Any CPU
		{9DD4C4C6-3456-4480-B144-2DB52360FFDC}.Debug|Any CPU.Build.0 = Debug|Any CPU
		{9DD4C4C6-3456-4480-B144-2DB52360FFDC}.Release|Any CPU.ActiveCfg = Release|Any CPU
		{9DD4C4C6-3456-4480-B144-2DB52360FFDC}.Release|Any CPU.Build.0 = Release|Any CPU
		{B8D50E03-29BF-4535-82E2-15276534A36D}.Debug|Any CPU.ActiveCfg = Debug|Any CPU
		{B8D50E03-29BF-4535-82E2-15276534A36D}.Debug|Any CPU.Build.0 = Debug|Any CPU
		{B8D50E03-29BF-4535-82E2-15276534A36D}.Release|Any CPU.ActiveCfg = Release|Any CPU
		{B8D50E03-29BF-4535-82E2-15276534A36D}.Release|Any CPU.Build.0 = Release|Any CPU
		{2EDFE89C-F95E-4968-A0BA-3149C8E01B11}.Debug|Any CPU.ActiveCfg = Debug|Any CPU
		{2EDFE89C-F95E-4968-A0BA-3149C8E01B11}.Debug|Any CPU.Build.0 = Debug|Any CPU
		{2EDFE89C-F95E-4968-A0BA-3149C8E01B11}.Release|Any CPU.ActiveCfg = Release|Any CPU
		{2EDFE89C-F95E-4968-A0BA-3149C8E01B11}.Release|Any CPU.Build.0 = Release|Any CPU
		{7CF698B6-41F6-4A0E-AEA7-94D603623774}.Debug|Any CPU.ActiveCfg = Debug|Any CPU
		{7CF698B6-41F6-4A0E-AEA7-94D603623774}.Debug|Any CPU.Build.0 = Debug|Any CPU
		{7CF698B6-41F6-4A0E-AEA7-94D603623774}.Release|Any CPU.ActiveCfg = Release|Any CPU
		{7CF698B6-41F6-4A0E-AEA7-94D603623774}.Release|Any CPU.Build.0 = Release|Any CPU
		{2E5A6B60-BA38-4C32-B309-D8D02E8D334B}.Debug|Any CPU.ActiveCfg = Debug|Any CPU
		{2E5A6B60-BA38-4C32-B309-D8D02E8D334B}.Debug|Any CPU.Build.0 = Debug|Any CPU
		{2E5A6B60-BA38-4C32-B309-D8D02E8D334B}.Release|Any CPU.ActiveCfg = Release|Any CPU
		{2E5A6B60-BA38-4C32-B309-D8D02E8D334B}.Release|Any CPU.Build.0 = Release|Any CPU
		{82146D78-D830-4D41-BD4A-83BB74F19128}.Debug|Any CPU.ActiveCfg = Debug|Any CPU
		{82146D78-D830-4D41-BD4A-83BB74F19128}.Debug|Any CPU.Build.0 = Debug|Any CPU
		{82146D78-D830-4D41-BD4A-83BB74F19128}.Release|Any CPU.ActiveCfg = Release|Any CPU
		{82146D78-D830-4D41-BD4A-83BB74F19128}.Release|Any CPU.Build.0 = Release|Any CPU
		{57BB5B6E-B4FB-4133-AE80-85C43C99640C}.Debug|Any CPU.ActiveCfg = Debug|Any CPU
		{57BB5B6E-B4FB-4133-AE80-85C43C99640C}.Debug|Any CPU.Build.0 = Debug|Any CPU
		{57BB5B6E-B4FB-4133-AE80-85C43C99640C}.Release|Any CPU.ActiveCfg = Release|Any CPU
		{57BB5B6E-B4FB-4133-AE80-85C43C99640C}.Release|Any CPU.Build.0 = Release|Any CPU
		{DEE17DBA-4096-4374-AC30-D7F942A9E018}.Debug|Any CPU.ActiveCfg = Debug|Any CPU
		{DEE17DBA-4096-4374-AC30-D7F942A9E018}.Debug|Any CPU.Build.0 = Debug|Any CPU
		{DEE17DBA-4096-4374-AC30-D7F942A9E018}.Release|Any CPU.ActiveCfg = Release|Any CPU
		{DEE17DBA-4096-4374-AC30-D7F942A9E018}.Release|Any CPU.Build.0 = Release|Any CPU
		{94B09BD4-39F4-45D2-ABB6-8DC47FD7F362}.Debug|Any CPU.ActiveCfg = Debug|Any CPU
		{94B09BD4-39F4-45D2-ABB6-8DC47FD7F362}.Debug|Any CPU.Build.0 = Debug|Any CPU
		{94B09BD4-39F4-45D2-ABB6-8DC47FD7F362}.Release|Any CPU.ActiveCfg = Release|Any CPU
		{94B09BD4-39F4-45D2-ABB6-8DC47FD7F362}.Release|Any CPU.Build.0 = Release|Any CPU
		{53526F2A-D37D-427A-875C-F59790C06F45}.Debug|Any CPU.ActiveCfg = Debug|Any CPU
		{53526F2A-D37D-427A-875C-F59790C06F45}.Debug|Any CPU.Build.0 = Debug|Any CPU
		{53526F2A-D37D-427A-875C-F59790C06F45}.Release|Any CPU.ActiveCfg = Release|Any CPU
		{53526F2A-D37D-427A-875C-F59790C06F45}.Release|Any CPU.Build.0 = Release|Any CPU
		{674D783A-09DB-44A5-BC8A-8EDC60E58AC7}.Debug|Any CPU.ActiveCfg = Debug|Any CPU
		{674D783A-09DB-44A5-BC8A-8EDC60E58AC7}.Debug|Any CPU.Build.0 = Debug|Any CPU
		{674D783A-09DB-44A5-BC8A-8EDC60E58AC7}.Release|Any CPU.ActiveCfg = Release|Any CPU
		{674D783A-09DB-44A5-BC8A-8EDC60E58AC7}.Release|Any CPU.Build.0 = Release|Any CPU
		{F4891EEC-EB0D-463B-AEB8-1387ADDC029D}.Debug|Any CPU.ActiveCfg = Debug|Any CPU
		{F4891EEC-EB0D-463B-AEB8-1387ADDC029D}.Debug|Any CPU.Build.0 = Debug|Any CPU
		{F4891EEC-EB0D-463B-AEB8-1387ADDC029D}.Release|Any CPU.ActiveCfg = Release|Any CPU
		{F4891EEC-EB0D-463B-AEB8-1387ADDC029D}.Release|Any CPU.Build.0 = Release|Any CPU
		{8377B0AF-6524-4691-A0BC-269B0E61E8D3}.Debug|Any CPU.ActiveCfg = Debug|Any CPU
		{8377B0AF-6524-4691-A0BC-269B0E61E8D3}.Debug|Any CPU.Build.0 = Debug|Any CPU
		{8377B0AF-6524-4691-A0BC-269B0E61E8D3}.Release|Any CPU.ActiveCfg = Release|Any CPU
		{8377B0AF-6524-4691-A0BC-269B0E61E8D3}.Release|Any CPU.Build.0 = Release|Any CPU
		{0D0F73DB-2141-4C3A-9C20-8D7F6CB56138}.Debug|Any CPU.ActiveCfg = Debug|Any CPU
		{0D0F73DB-2141-4C3A-9C20-8D7F6CB56138}.Debug|Any CPU.Build.0 = Debug|Any CPU
		{0D0F73DB-2141-4C3A-9C20-8D7F6CB56138}.Release|Any CPU.ActiveCfg = Release|Any CPU
		{0D0F73DB-2141-4C3A-9C20-8D7F6CB56138}.Release|Any CPU.Build.0 = Release|Any CPU
		{87030FB1-274C-4B48-85B8-19330FD3A4E4}.Debug|Any CPU.ActiveCfg = Debug|Any CPU
		{87030FB1-274C-4B48-85B8-19330FD3A4E4}.Debug|Any CPU.Build.0 = Debug|Any CPU
		{87030FB1-274C-4B48-85B8-19330FD3A4E4}.Release|Any CPU.ActiveCfg = Release|Any CPU
		{87030FB1-274C-4B48-85B8-19330FD3A4E4}.Release|Any CPU.Build.0 = Release|Any CPU
		{869DD1DE-0E51-4034-8A11-8FF2B0AC73D3}.Debug|Any CPU.ActiveCfg = Debug|Any CPU
		{869DD1DE-0E51-4034-8A11-8FF2B0AC73D3}.Debug|Any CPU.Build.0 = Debug|Any CPU
		{869DD1DE-0E51-4034-8A11-8FF2B0AC73D3}.Release|Any CPU.ActiveCfg = Release|Any CPU
		{869DD1DE-0E51-4034-8A11-8FF2B0AC73D3}.Release|Any CPU.Build.0 = Release|Any CPU
		{A36F5352-FCAD-4170-80ED-A51375D7C398}.Debug|Any CPU.ActiveCfg = Debug|Any CPU
		{A36F5352-FCAD-4170-80ED-A51375D7C398}.Debug|Any CPU.Build.0 = Debug|Any CPU
		{A36F5352-FCAD-4170-80ED-A51375D7C398}.Release|Any CPU.ActiveCfg = Release|Any CPU
		{A36F5352-FCAD-4170-80ED-A51375D7C398}.Release|Any CPU.Build.0 = Release|Any CPU
		{F73B5765-9E12-45FD-9C03-9ABF7702032D}.Debug|Any CPU.ActiveCfg = Debug|Any CPU
		{F73B5765-9E12-45FD-9C03-9ABF7702032D}.Debug|Any CPU.Build.0 = Debug|Any CPU
		{F73B5765-9E12-45FD-9C03-9ABF7702032D}.Release|Any CPU.ActiveCfg = Release|Any CPU
		{F73B5765-9E12-45FD-9C03-9ABF7702032D}.Release|Any CPU.Build.0 = Release|Any CPU
		{29767B29-33D3-4992-A6EF-DF5241CCB417}.Debug|Any CPU.ActiveCfg = Debug|Any CPU
		{29767B29-33D3-4992-A6EF-DF5241CCB417}.Debug|Any CPU.Build.0 = Debug|Any CPU
		{29767B29-33D3-4992-A6EF-DF5241CCB417}.Release|Any CPU.ActiveCfg = Release|Any CPU
		{29767B29-33D3-4992-A6EF-DF5241CCB417}.Release|Any CPU.Build.0 = Release|Any CPU
		{94B4FAF1-E21D-412F-84DB-7FFCEA5EDF3F}.Debug|Any CPU.ActiveCfg = Debug|Any CPU
		{94B4FAF1-E21D-412F-84DB-7FFCEA5EDF3F}.Debug|Any CPU.Build.0 = Debug|Any CPU
		{94B4FAF1-E21D-412F-84DB-7FFCEA5EDF3F}.Release|Any CPU.ActiveCfg = Release|Any CPU
		{94B4FAF1-E21D-412F-84DB-7FFCEA5EDF3F}.Release|Any CPU.Build.0 = Release|Any CPU
		{ADE6215B-01CB-4E2D-B285-E344930CB743}.Debug|Any CPU.ActiveCfg = Debug|Any CPU
		{ADE6215B-01CB-4E2D-B285-E344930CB743}.Debug|Any CPU.Build.0 = Debug|Any CPU
		{ADE6215B-01CB-4E2D-B285-E344930CB743}.Release|Any CPU.ActiveCfg = Release|Any CPU
		{ADE6215B-01CB-4E2D-B285-E344930CB743}.Release|Any CPU.Build.0 = Release|Any CPU
		{B10DDA4C-430B-42F4-9074-D34E2667A1DC}.Debug|Any CPU.ActiveCfg = Debug|Any CPU
		{B10DDA4C-430B-42F4-9074-D34E2667A1DC}.Debug|Any CPU.Build.0 = Debug|Any CPU
		{B10DDA4C-430B-42F4-9074-D34E2667A1DC}.Release|Any CPU.ActiveCfg = Release|Any CPU
		{B10DDA4C-430B-42F4-9074-D34E2667A1DC}.Release|Any CPU.Build.0 = Release|Any CPU
		{478E9620-F52C-45F1-AA81-D214ACE6F5CD}.Debug|Any CPU.ActiveCfg = Debug|Any CPU
		{478E9620-F52C-45F1-AA81-D214ACE6F5CD}.Debug|Any CPU.Build.0 = Debug|Any CPU
		{478E9620-F52C-45F1-AA81-D214ACE6F5CD}.Release|Any CPU.ActiveCfg = Release|Any CPU
		{478E9620-F52C-45F1-AA81-D214ACE6F5CD}.Release|Any CPU.Build.0 = Release|Any CPU
		{80A67617-C173-4563-893B-E0ABD0C6444B}.Debug|Any CPU.ActiveCfg = Debug|Any CPU
		{80A67617-C173-4563-893B-E0ABD0C6444B}.Debug|Any CPU.Build.0 = Debug|Any CPU
		{80A67617-C173-4563-893B-E0ABD0C6444B}.Release|Any CPU.ActiveCfg = Release|Any CPU
		{80A67617-C173-4563-893B-E0ABD0C6444B}.Release|Any CPU.Build.0 = Release|Any CPU
		{A6A0A405-9144-4E7F-9C4C-14C2D55CDFB3}.Debug|Any CPU.ActiveCfg = Debug|Any CPU
		{A6A0A405-9144-4E7F-9C4C-14C2D55CDFB3}.Debug|Any CPU.Build.0 = Debug|Any CPU
		{A6A0A405-9144-4E7F-9C4C-14C2D55CDFB3}.Release|Any CPU.ActiveCfg = Release|Any CPU
		{A6A0A405-9144-4E7F-9C4C-14C2D55CDFB3}.Release|Any CPU.Build.0 = Release|Any CPU
		{ADB0152A-4D71-4797-B1EE-408F1C0D2975}.Debug|Any CPU.ActiveCfg = Debug|Any CPU
		{ADB0152A-4D71-4797-B1EE-408F1C0D2975}.Debug|Any CPU.Build.0 = Debug|Any CPU
		{ADB0152A-4D71-4797-B1EE-408F1C0D2975}.Release|Any CPU.ActiveCfg = Release|Any CPU
		{ADB0152A-4D71-4797-B1EE-408F1C0D2975}.Release|Any CPU.Build.0 = Release|Any CPU
		{0D167D24-7CA5-4EE1-90A8-6D423D421BF4}.Debug|Any CPU.ActiveCfg = Debug|Any CPU
		{0D167D24-7CA5-4EE1-90A8-6D423D421BF4}.Debug|Any CPU.Build.0 = Debug|Any CPU
		{0D167D24-7CA5-4EE1-90A8-6D423D421BF4}.Release|Any CPU.ActiveCfg = Release|Any CPU
		{0D167D24-7CA5-4EE1-90A8-6D423D421BF4}.Release|Any CPU.Build.0 = Release|Any CPU
		{1BC82AE9-B1EA-441A-9805-2F11D2B73DAE}.Debug|Any CPU.ActiveCfg = Debug|Any CPU
		{1BC82AE9-B1EA-441A-9805-2F11D2B73DAE}.Debug|Any CPU.Build.0 = Debug|Any CPU
		{1BC82AE9-B1EA-441A-9805-2F11D2B73DAE}.Release|Any CPU.ActiveCfg = Release|Any CPU
		{1BC82AE9-B1EA-441A-9805-2F11D2B73DAE}.Release|Any CPU.Build.0 = Release|Any CPU
		{EF888A5B-5D56-44D8-9375-9A45A3E128CA}.Debug|Any CPU.ActiveCfg = Debug|Any CPU
		{EF888A5B-5D56-44D8-9375-9A45A3E128CA}.Debug|Any CPU.Build.0 = Debug|Any CPU
		{EF888A5B-5D56-44D8-9375-9A45A3E128CA}.Release|Any CPU.ActiveCfg = Release|Any CPU
		{EF888A5B-5D56-44D8-9375-9A45A3E128CA}.Release|Any CPU.Build.0 = Release|Any CPU
		{859F7C55-E59C-4ADA-95E6-7E141662352F}.Debug|Any CPU.ActiveCfg = Debug|Any CPU
		{859F7C55-E59C-4ADA-95E6-7E141662352F}.Debug|Any CPU.Build.0 = Debug|Any CPU
		{859F7C55-E59C-4ADA-95E6-7E141662352F}.Release|Any CPU.ActiveCfg = Release|Any CPU
		{859F7C55-E59C-4ADA-95E6-7E141662352F}.Release|Any CPU.Build.0 = Release|Any CPU
		{8289ABD7-EA9F-485A-9A01-3F7C7D39C0D4}.Debug|Any CPU.ActiveCfg = Debug|Any CPU
		{8289ABD7-EA9F-485A-9A01-3F7C7D39C0D4}.Debug|Any CPU.Build.0 = Debug|Any CPU
		{8289ABD7-EA9F-485A-9A01-3F7C7D39C0D4}.Release|Any CPU.ActiveCfg = Release|Any CPU
		{8289ABD7-EA9F-485A-9A01-3F7C7D39C0D4}.Release|Any CPU.Build.0 = Release|Any CPU
		{7D77CCCB-C8E6-49F8-85F5-7936FC9A64F6}.Debug|Any CPU.ActiveCfg = Debug|Any CPU
		{7D77CCCB-C8E6-49F8-85F5-7936FC9A64F6}.Debug|Any CPU.Build.0 = Debug|Any CPU
		{7D77CCCB-C8E6-49F8-85F5-7936FC9A64F6}.Release|Any CPU.ActiveCfg = Release|Any CPU
		{7D77CCCB-C8E6-49F8-85F5-7936FC9A64F6}.Release|Any CPU.Build.0 = Release|Any CPU
	EndGlobalSection
	GlobalSection(SolutionProperties) = preSolution
		HideSolutionNode = FALSE
	EndGlobalSection
EndGlobal
